
Microsoft Visual Studio Solution File, Format Version 12.00
Project("{FAE04EC0-301F-11D3-BF4B-00C04F79EFBC}") = "gui1", "gui1\gui1.csproj", "{0DC3A0DE-79CE-40A3-96A9-279E30D1DAEA}"
EndProject
Global
	GlobalSection(SolutionConfigurationPlatforms) = preSolution
		Debug|Any CPU = Debug|Any CPU
		Release|Any CPU = Release|Any CPU
	EndGlobalSection
	GlobalSection(ProjectConfigurationPlatforms) = postSolution
		{0DC3A0DE-79CE-40A3-96A9-279E30D1DAEA}.Debug|Any CPU.ActiveCfg = Debug|Any CPU
		{0DC3A0DE-79CE-40A3-96A9-279E30D1DAEA}.Debug|Any CPU.Build.0 = Debug|Any CPU
		{0DC3A0DE-79CE-40A3-96A9-279E30D1DAEA}.Release|Any CPU.ActiveCfg = Release|Any CPU
		{0DC3A0DE-79CE-40A3-96A9-279E30D1DAEA}.Release|Any CPU.Build.0 = Release|Any CPU
	EndGlobalSection
EndGlobal
